// !$*UTF8*$!
{
	archiveVersion = 1;
	classes = {
	};
	objectVersion = 56;
	objects = {

/* Begin PBXBuildFile section */
		15038D402BB32A99008C82D2 /* CommentListView.swift in Sources */ = {isa = PBXBuildFile; fileRef = 15038D3F2BB32A99008C82D2 /* CommentListView.swift */; };
		15038D432BB33901008C82D2 /* CommentViewModel.swift in Sources */ = {isa = PBXBuildFile; fileRef = 15038D422BB33901008C82D2 /* CommentViewModel.swift */; };
		15124FDD2BBC5EED008272FE /* Account.swift in Sources */ = {isa = PBXBuildFile; fileRef = 15124FDC2BBC5EED008272FE /* Account.swift */; };
		15124FDF2BBD5307008272FE /* AccountCreation.swift in Sources */ = {isa = PBXBuildFile; fileRef = 15124FDE2BBD5307008272FE /* AccountCreation.swift */; };
		1514F3FC2BB1CAE4003B4E52 /* MainContentView.swift in Sources */ = {isa = PBXBuildFile; fileRef = 1514F3FB2BB1CAE4003B4E52 /* MainContentView.swift */; };
		1514F3FE2BB2E97E003B4E52 /* PreviewView.swift in Sources */ = {isa = PBXBuildFile; fileRef = 1514F3FD2BB2E97E003B4E52 /* PreviewView.swift */; };
		1514F4002BB2EB2D003B4E52 /* TutorialData.swift in Sources */ = {isa = PBXBuildFile; fileRef = 1514F3FF2BB2EB2D003B4E52 /* TutorialData.swift */; };
		1514F4042BB2EB78003B4E52 /* StepData.swift in Sources */ = {isa = PBXBuildFile; fileRef = 1514F4032BB2EB78003B4E52 /* StepData.swift */; };
		1514F40B2BB2EC03003B4E52 /* SubStepData.swift in Sources */ = {isa = PBXBuildFile; fileRef = 1514F40A2BB2EC03003B4E52 /* SubStepData.swift */; };
		1514F40D2BB2EC10003B4E52 /* UserCommentData.swift in Sources */ = {isa = PBXBuildFile; fileRef = 1514F40C2BB2EC10003B4E52 /* UserCommentData.swift */; };
		1514F40F2BB2EC25003B4E52 /* WatchHistoryData.swift in Sources */ = {isa = PBXBuildFile; fileRef = 1514F40E2BB2EC25003B4E52 /* WatchHistoryData.swift */; };
		1514F4112BB2EC4C003B4E52 /* SearchHistoryData.swift in Sources */ = {isa = PBXBuildFile; fileRef = 1514F4102BB2EC4C003B4E52 /* SearchHistoryData.swift */; };
		1514F4132BB2EC7A003B4E52 /* FavouriteListData.swift in Sources */ = {isa = PBXBuildFile; fileRef = 1514F4122BB2EC7A003B4E52 /* FavouriteListData.swift */; };
		1514F4152BB2EC90003B4E52 /* TutorialRatingData.swift in Sources */ = {isa = PBXBuildFile; fileRef = 1514F4142BB2EC90003B4E52 /* TutorialRatingData.swift */; };
		1514F4172BB2ECA5003B4E52 /* TextContextData.swift in Sources */ = {isa = PBXBuildFile; fileRef = 1514F4162BB2ECA5003B4E52 /* TextContextData.swift */; };
		1514F4192BB2ECB7003B4E52 /* PictureContentData.swift in Sources */ = {isa = PBXBuildFile; fileRef = 1514F4182BB2ECB7003B4E52 /* PictureContentData.swift */; };
		1514F41B2BB2ECCE003B4E52 /* VideoContentData.swift in Sources */ = {isa = PBXBuildFile; fileRef = 1514F41A2BB2ECCE003B4E52 /* VideoContentData.swift */; };
		1514F41D2BB2F23E003B4E52 /* CommentView.swift in Sources */ = {isa = PBXBuildFile; fileRef = 1514F41C2BB2F23E003B4E52 /* CommentView.swift */; };
		1514F41F2BB2F346003B4E52 /* UserData.swift in Sources */ = {isa = PBXBuildFile; fileRef = 1514F41E2BB2F346003B4E52 /* UserData.swift */; };
		1516B97F2BB80282006670CC /* BrowserViewModel.swift in Sources */ = {isa = PBXBuildFile; fileRef = 1516B97E2BB80282006670CC /* BrowserViewModel.swift */; };
		1516B9822BB80ECC006670CC /* BrowserView.swift in Sources */ = {isa = PBXBuildFile; fileRef = 1516B9812BB80ECC006670CC /* BrowserView.swift */; };
		1516B9842BB81301006670CC /* SearchView.swift in Sources */ = {isa = PBXBuildFile; fileRef = 1516B9832BB81301006670CC /* SearchView.swift */; };
		1516B9862BB81326006670CC /* SearchViewModel.swift in Sources */ = {isa = PBXBuildFile; fileRef = 1516B9852BB81326006670CC /* SearchViewModel.swift */; };
		1516B9882BB81C93006670CC /* HistoryView.swift in Sources */ = {isa = PBXBuildFile; fileRef = 1516B9872BB81C93006670CC /* HistoryView.swift */; };
		1516B98A2BB81CAA006670CC /* HistoryViewModel.swift in Sources */ = {isa = PBXBuildFile; fileRef = 1516B9892BB81CAA006670CC /* HistoryViewModel.swift */; };
		1516B98E2BB81DC5006670CC /* FavoriteView.swift in Sources */ = {isa = PBXBuildFile; fileRef = 1516B98D2BB81DC5006670CC /* FavoriteView.swift */; };
		1516B9902BB81DE2006670CC /* FavoriteViewModel.swift in Sources */ = {isa = PBXBuildFile; fileRef = 1516B98F2BB81DE2006670CC /* FavoriteViewModel.swift */; };
		1516B9922BB81FD5006670CC /* MainView.swift in Sources */ = {isa = PBXBuildFile; fileRef = 1516B9912BB81FD5006670CC /* MainView.swift */; };
		1516B9952BB82060006670CC /* GlobalUIState.swift in Sources */ = {isa = PBXBuildFile; fileRef = 1516B9942BB82060006670CC /* GlobalUIState.swift */; };
		1521C0312B9F0C81009D8A43 /* StepWiseApp.swift in Sources */ = {isa = PBXBuildFile; fileRef = 1521C0302B9F0C81009D8A43 /* StepWiseApp.swift */; };
		1521C0332B9F0C81009D8A43 /* ContentView.swift in Sources */ = {isa = PBXBuildFile; fileRef = 1521C0322B9F0C81009D8A43 /* ContentView.swift */; };
		1521C0352B9F0C81009D8A43 /* Item.swift in Sources */ = {isa = PBXBuildFile; fileRef = 1521C0342B9F0C81009D8A43 /* Item.swift */; };
		1521C0372B9F0C82009D8A43 /* Assets.xcassets in Resources */ = {isa = PBXBuildFile; fileRef = 1521C0362B9F0C82009D8A43 /* Assets.xcassets */; };
		1521C03B2B9F0C82009D8A43 /* Preview Assets.xcassets in Resources */ = {isa = PBXBuildFile; fileRef = 1521C03A2B9F0C82009D8A43 /* Preview Assets.xcassets */; };
		1521C0452B9F0C82009D8A43 /* StepWiseTests.swift in Sources */ = {isa = PBXBuildFile; fileRef = 1521C0442B9F0C82009D8A43 /* StepWiseTests.swift */; };
		1521C04F2B9F0C83009D8A43 /* StepWiseUITests.swift in Sources */ = {isa = PBXBuildFile; fileRef = 1521C04E2B9F0C83009D8A43 /* StepWiseUITests.swift */; };
		1521C0512B9F0C83009D8A43 /* StepWiseUITestsLaunchTests.swift in Sources */ = {isa = PBXBuildFile; fileRef = 1521C0502B9F0C83009D8A43 /* StepWiseUITestsLaunchTests.swift */; };
		1585FDBD2BA07AA500B80AE8 /* Post.swift in Sources */ = {isa = PBXBuildFile; fileRef = 1585FDBC2BA07AA500B80AE8 /* Post.swift */; };
		1585FDC12BA07B4B00B80AE8 /* ContentViewModel.swift in Sources */ = {isa = PBXBuildFile; fileRef = 1585FDC02BA07B4B00B80AE8 /* ContentViewModel.swift */; };
		158D43582B9F36C600F1DAE1 /* SwiftUIView.swift in Sources */ = {isa = PBXBuildFile; fileRef = 158D43572B9F36C600F1DAE1 /* SwiftUIView.swift */; };
		15A36E0C2BB453D6009A5306 /* StepsView.swift in Sources */ = {isa = PBXBuildFile; fileRef = 15A36E0B2BB453D6009A5306 /* StepsView.swift */; };
		15A36E0E2BB46E25009A5306 /* PreviewListView.swift in Sources */ = {isa = PBXBuildFile; fileRef = 15A36E0D2BB46E25009A5306 /* PreviewListView.swift */; };
		15A36E102BB46F0F009A5306 /* PrewiewViewModel.swift in Sources */ = {isa = PBXBuildFile; fileRef = 15A36E0F2BB46F0F009A5306 /* PrewiewViewModel.swift */; };
		15A36E122BB46FC7009A5306 /* ToolData.swift in Sources */ = {isa = PBXBuildFile; fileRef = 15A36E112BB46FC7009A5306 /* ToolData.swift */; };
		15A36E142BB47035009A5306 /* MaterialData.swift in Sources */ = {isa = PBXBuildFile; fileRef = 15A36E132BB47035009A5306 /* MaterialData.swift */; };
		15A36E162BB4709D009A5306 /* RatingData.swift in Sources */ = {isa = PBXBuildFile; fileRef = 15A36E152BB4709D009A5306 /* RatingData.swift */; };
		15A36E1B2BB483E4009A5306 /* Tutorial.json in Sources */ = {isa = PBXBuildFile; fileRef = 15A36E1A2BB483E4009A5306 /* Tutorial.json */; };
		15E7FCC92BB5B9A500768247 /* SupStepView.swift in Sources */ = {isa = PBXBuildFile; fileRef = 15E7FCC82BB5B9A500768247 /* SupStepView.swift */; };
		15E7FCCB2BB5D2C800768247 /* MenuView.swift in Sources */ = {isa = PBXBuildFile; fileRef = 15E7FCCA2BB5D2C800768247 /* MenuView.swift */; };
		15E7FCCD2BB5D56100768247 /* ToolView.swift in Sources */ = {isa = PBXBuildFile; fileRef = 15E7FCCC2BB5D56100768247 /* ToolView.swift */; };
		15E7FCCF2BB5D62300768247 /* MaterialView.swift in Sources */ = {isa = PBXBuildFile; fileRef = 15E7FCCE2BB5D62300768247 /* MaterialView.swift */; };
		15E7FCD12BB5D92500768247 /* RatingView.swift in Sources */ = {isa = PBXBuildFile; fileRef = 15E7FCD02BB5D92500768247 /* RatingView.swift */; };
		15E7FCD32BB5E1B000768247 /* MenuViewModel.swift in Sources */ = {isa = PBXBuildFile; fileRef = 15E7FCD22BB5E1B000768247 /* MenuViewModel.swift */; };
/* End PBXBuildFile section */

/* Begin PBXContainerItemProxy section */
		1521C0412B9F0C82009D8A43 /* PBXContainerItemProxy */ = {
			isa = PBXContainerItemProxy;
			containerPortal = 1521C0252B9F0C81009D8A43 /* Project object */;
			proxyType = 1;
			remoteGlobalIDString = 1521C02C2B9F0C81009D8A43;
			remoteInfo = StepWise;
		};
		1521C04B2B9F0C83009D8A43 /* PBXContainerItemProxy */ = {
			isa = PBXContainerItemProxy;
			containerPortal = 1521C0252B9F0C81009D8A43 /* Project object */;
			proxyType = 1;
			remoteGlobalIDString = 1521C02C2B9F0C81009D8A43;
			remoteInfo = StepWise;
		};
/* End PBXContainerItemProxy section */

/* Begin PBXFileReference section */
		15038D3F2BB32A99008C82D2 /* CommentListView.swift */ = {isa = PBXFileReference; lastKnownFileType = sourcecode.swift; path = CommentListView.swift; sourceTree = "<group>"; };
		15038D422BB33901008C82D2 /* CommentViewModel.swift */ = {isa = PBXFileReference; lastKnownFileType = sourcecode.swift; path = CommentViewModel.swift; sourceTree = "<group>"; };
		15124FDC2BBC5EED008272FE /* Account.swift */ = {isa = PBXFileReference; lastKnownFileType = sourcecode.swift; path = Account.swift; sourceTree = "<group>"; };
		15124FDE2BBD5307008272FE /* AccountCreation.swift */ = {isa = PBXFileReference; lastKnownFileType = sourcecode.swift; path = AccountCreation.swift; sourceTree = "<group>"; };
		1514F3FB2BB1CAE4003B4E52 /* MainContentView.swift */ = {isa = PBXFileReference; lastKnownFileType = sourcecode.swift; path = MainContentView.swift; sourceTree = "<group>"; };
		1514F3FD2BB2E97E003B4E52 /* PreviewView.swift */ = {isa = PBXFileReference; lastKnownFileType = sourcecode.swift; path = PreviewView.swift; sourceTree = "<group>"; };
		1514F3FF2BB2EB2D003B4E52 /* TutorialData.swift */ = {isa = PBXFileReference; lastKnownFileType = sourcecode.swift; path = TutorialData.swift; sourceTree = "<group>"; };
		1514F4032BB2EB78003B4E52 /* StepData.swift */ = {isa = PBXFileReference; lastKnownFileType = sourcecode.swift; path = StepData.swift; sourceTree = "<group>"; };
		1514F40A2BB2EC03003B4E52 /* SubStepData.swift */ = {isa = PBXFileReference; lastKnownFileType = sourcecode.swift; path = SubStepData.swift; sourceTree = "<group>"; };
		1514F40C2BB2EC10003B4E52 /* UserCommentData.swift */ = {isa = PBXFileReference; lastKnownFileType = sourcecode.swift; path = UserCommentData.swift; sourceTree = "<group>"; };
		1514F40E2BB2EC25003B4E52 /* WatchHistoryData.swift */ = {isa = PBXFileReference; lastKnownFileType = sourcecode.swift; path = WatchHistoryData.swift; sourceTree = "<group>"; };
		1514F4102BB2EC4C003B4E52 /* SearchHistoryData.swift */ = {isa = PBXFileReference; lastKnownFileType = sourcecode.swift; path = SearchHistoryData.swift; sourceTree = "<group>"; };
		1514F4122BB2EC7A003B4E52 /* FavouriteListData.swift */ = {isa = PBXFileReference; lastKnownFileType = sourcecode.swift; path = FavouriteListData.swift; sourceTree = "<group>"; };
		1514F4142BB2EC90003B4E52 /* TutorialRatingData.swift */ = {isa = PBXFileReference; lastKnownFileType = sourcecode.swift; path = TutorialRatingData.swift; sourceTree = "<group>"; };
		1514F4162BB2ECA5003B4E52 /* TextContextData.swift */ = {isa = PBXFileReference; lastKnownFileType = sourcecode.swift; path = TextContextData.swift; sourceTree = "<group>"; };
		1514F4182BB2ECB7003B4E52 /* PictureContentData.swift */ = {isa = PBXFileReference; lastKnownFileType = sourcecode.swift; path = PictureContentData.swift; sourceTree = "<group>"; };
		1514F41A2BB2ECCE003B4E52 /* VideoContentData.swift */ = {isa = PBXFileReference; lastKnownFileType = sourcecode.swift; path = VideoContentData.swift; sourceTree = "<group>"; };
		1514F41C2BB2F23E003B4E52 /* CommentView.swift */ = {isa = PBXFileReference; lastKnownFileType = sourcecode.swift; path = CommentView.swift; sourceTree = "<group>"; };
		1514F41E2BB2F346003B4E52 /* UserData.swift */ = {isa = PBXFileReference; lastKnownFileType = sourcecode.swift; path = UserData.swift; sourceTree = "<group>"; };
		1516B97E2BB80282006670CC /* BrowserViewModel.swift */ = {isa = PBXFileReference; lastKnownFileType = sourcecode.swift; path = BrowserViewModel.swift; sourceTree = "<group>"; };
		1516B9812BB80ECC006670CC /* BrowserView.swift */ = {isa = PBXFileReference; lastKnownFileType = sourcecode.swift; path = BrowserView.swift; sourceTree = "<group>"; };
		1516B9832BB81301006670CC /* SearchView.swift */ = {isa = PBXFileReference; lastKnownFileType = sourcecode.swift; path = SearchView.swift; sourceTree = "<group>"; };
		1516B9852BB81326006670CC /* SearchViewModel.swift */ = {isa = PBXFileReference; lastKnownFileType = sourcecode.swift; path = SearchViewModel.swift; sourceTree = "<group>"; };
		1516B9872BB81C93006670CC /* HistoryView.swift */ = {isa = PBXFileReference; lastKnownFileType = sourcecode.swift; path = HistoryView.swift; sourceTree = "<group>"; };
		1516B9892BB81CAA006670CC /* HistoryViewModel.swift */ = {isa = PBXFileReference; lastKnownFileType = sourcecode.swift; path = HistoryViewModel.swift; sourceTree = "<group>"; };
		1516B98D2BB81DC5006670CC /* FavoriteView.swift */ = {isa = PBXFileReference; lastKnownFileType = sourcecode.swift; path = FavoriteView.swift; sourceTree = "<group>"; };
		1516B98F2BB81DE2006670CC /* FavoriteViewModel.swift */ = {isa = PBXFileReference; lastKnownFileType = sourcecode.swift; path = FavoriteViewModel.swift; sourceTree = "<group>"; };
		1516B9912BB81FD5006670CC /* MainView.swift */ = {isa = PBXFileReference; lastKnownFileType = sourcecode.swift; path = MainView.swift; sourceTree = "<group>"; };
		1516B9942BB82060006670CC /* GlobalUIState.swift */ = {isa = PBXFileReference; lastKnownFileType = sourcecode.swift; path = GlobalUIState.swift; sourceTree = "<group>"; };
		1521C02D2B9F0C81009D8A43 /* StepWise.app */ = {isa = PBXFileReference; explicitFileType = wrapper.application; includeInIndex = 0; path = StepWise.app; sourceTree = BUILT_PRODUCTS_DIR; };
		1521C0302B9F0C81009D8A43 /* StepWiseApp.swift */ = {isa = PBXFileReference; lastKnownFileType = sourcecode.swift; path = StepWiseApp.swift; sourceTree = "<group>"; };
		1521C0322B9F0C81009D8A43 /* ContentView.swift */ = {isa = PBXFileReference; lastKnownFileType = sourcecode.swift; path = ContentView.swift; sourceTree = "<group>"; };
		1521C0342B9F0C81009D8A43 /* Item.swift */ = {isa = PBXFileReference; lastKnownFileType = sourcecode.swift; path = Item.swift; sourceTree = "<group>"; };
		1521C0362B9F0C82009D8A43 /* Assets.xcassets */ = {isa = PBXFileReference; lastKnownFileType = folder.assetcatalog; path = Assets.xcassets; sourceTree = "<group>"; };
		1521C0382B9F0C82009D8A43 /* StepWise.entitlements */ = {isa = PBXFileReference; lastKnownFileType = text.plist.entitlements; path = StepWise.entitlements; sourceTree = "<group>"; };
		1521C03A2B9F0C82009D8A43 /* Preview Assets.xcassets */ = {isa = PBXFileReference; lastKnownFileType = folder.assetcatalog; path = "Preview Assets.xcassets"; sourceTree = "<group>"; };
		1521C0402B9F0C82009D8A43 /* StepWiseTests.xctest */ = {isa = PBXFileReference; explicitFileType = wrapper.cfbundle; includeInIndex = 0; path = StepWiseTests.xctest; sourceTree = BUILT_PRODUCTS_DIR; };
		1521C0442B9F0C82009D8A43 /* StepWiseTests.swift */ = {isa = PBXFileReference; lastKnownFileType = sourcecode.swift; path = StepWiseTests.swift; sourceTree = "<group>"; };
		1521C04A2B9F0C83009D8A43 /* StepWiseUITests.xctest */ = {isa = PBXFileReference; explicitFileType = wrapper.cfbundle; includeInIndex = 0; path = StepWiseUITests.xctest; sourceTree = BUILT_PRODUCTS_DIR; };
		1521C04E2B9F0C83009D8A43 /* StepWiseUITests.swift */ = {isa = PBXFileReference; lastKnownFileType = sourcecode.swift; path = StepWiseUITests.swift; sourceTree = "<group>"; };
		1521C0502B9F0C83009D8A43 /* StepWiseUITestsLaunchTests.swift */ = {isa = PBXFileReference; lastKnownFileType = sourcecode.swift; path = StepWiseUITestsLaunchTests.swift; sourceTree = "<group>"; };
		1585FDBC2BA07AA500B80AE8 /* Post.swift */ = {isa = PBXFileReference; lastKnownFileType = sourcecode.swift; path = Post.swift; sourceTree = "<group>"; };
		1585FDC02BA07B4B00B80AE8 /* ContentViewModel.swift */ = {isa = PBXFileReference; lastKnownFileType = sourcecode.swift; path = ContentViewModel.swift; sourceTree = "<group>"; };
		158D43572B9F36C600F1DAE1 /* SwiftUIView.swift */ = {isa = PBXFileReference; lastKnownFileType = sourcecode.swift; path = SwiftUIView.swift; sourceTree = "<group>"; };
		15A36E0B2BB453D6009A5306 /* StepsView.swift */ = {isa = PBXFileReference; lastKnownFileType = sourcecode.swift; path = StepsView.swift; sourceTree = "<group>"; };
		15A36E0D2BB46E25009A5306 /* PreviewListView.swift */ = {isa = PBXFileReference; lastKnownFileType = sourcecode.swift; path = PreviewListView.swift; sourceTree = "<group>"; };
		15A36E0F2BB46F0F009A5306 /* PrewiewViewModel.swift */ = {isa = PBXFileReference; lastKnownFileType = sourcecode.swift; path = PrewiewViewModel.swift; sourceTree = "<group>"; };
		15A36E112BB46FC7009A5306 /* ToolData.swift */ = {isa = PBXFileReference; lastKnownFileType = sourcecode.swift; path = ToolData.swift; sourceTree = "<group>"; };
		15A36E132BB47035009A5306 /* MaterialData.swift */ = {isa = PBXFileReference; lastKnownFileType = sourcecode.swift; path = MaterialData.swift; sourceTree = "<group>"; };
		15A36E152BB4709D009A5306 /* RatingData.swift */ = {isa = PBXFileReference; lastKnownFileType = sourcecode.swift; path = RatingData.swift; sourceTree = "<group>"; };
		15A36E1A2BB483E4009A5306 /* Tutorial.json */ = {isa = PBXFileReference; lastKnownFileType = text.json; path = Tutorial.json; sourceTree = "<group>"; };
		15E7FCC82BB5B9A500768247 /* SupStepView.swift */ = {isa = PBXFileReference; lastKnownFileType = sourcecode.swift; path = SupStepView.swift; sourceTree = "<group>"; };
		15E7FCCA2BB5D2C800768247 /* MenuView.swift */ = {isa = PBXFileReference; lastKnownFileType = sourcecode.swift; path = MenuView.swift; sourceTree = "<group>"; };
		15E7FCCC2BB5D56100768247 /* ToolView.swift */ = {isa = PBXFileReference; lastKnownFileType = sourcecode.swift; path = ToolView.swift; sourceTree = "<group>"; };
		15E7FCCE2BB5D62300768247 /* MaterialView.swift */ = {isa = PBXFileReference; lastKnownFileType = sourcecode.swift; path = MaterialView.swift; sourceTree = "<group>"; };
		15E7FCD02BB5D92500768247 /* RatingView.swift */ = {isa = PBXFileReference; lastKnownFileType = sourcecode.swift; path = RatingView.swift; sourceTree = "<group>"; };
		15E7FCD22BB5E1B000768247 /* MenuViewModel.swift */ = {isa = PBXFileReference; lastKnownFileType = sourcecode.swift; path = MenuViewModel.swift; sourceTree = "<group>"; };
/* End PBXFileReference section */

/* Begin PBXFrameworksBuildPhase section */
		1521C02A2B9F0C81009D8A43 /* Frameworks */ = {
			isa = PBXFrameworksBuildPhase;
			buildActionMask = 2147483647;
			files = (
			);
			runOnlyForDeploymentPostprocessing = 0;
		};
		1521C03D2B9F0C82009D8A43 /* Frameworks */ = {
			isa = PBXFrameworksBuildPhase;
			buildActionMask = 2147483647;
			files = (
			);
			runOnlyForDeploymentPostprocessing = 0;
		};
		1521C0472B9F0C83009D8A43 /* Frameworks */ = {
			isa = PBXFrameworksBuildPhase;
			buildActionMask = 2147483647;
			files = (
			);
			runOnlyForDeploymentPostprocessing = 0;
		};
/* End PBXFrameworksBuildPhase section */

/* Begin PBXGroup section */
		15038D412BB338E4008C82D2 /* ViewModel */ = {
			isa = PBXGroup;
			children = (
				1516B98C2BB81CDA006670CC /* Tutorial */,
				1516B98B2BB81CCA006670CC /* TabList */,
			);
			path = ViewModel;
			sourceTree = "<group>";
		};
		15124FDB2BBC5ED6008272FE /* Account */ = {
			isa = PBXGroup;
			children = (
				15124FDC2BBC5EED008272FE /* Account.swift */,
				15124FDE2BBD5307008272FE /* AccountCreation.swift */,
			);
			path = Account;
			sourceTree = "<group>";
		};
		1514F4012BB2EB37003B4E52 /* Data */ = {
			isa = PBXGroup;
			children = (
				1514F3FF2BB2EB2D003B4E52 /* TutorialData.swift */,
				1514F41E2BB2F346003B4E52 /* UserData.swift */,
				15A36E1C2BB485D3009A5306 /* OldData */,
			);
			path = Data;
			sourceTree = "<group>";
		};
		1514F4022BB2EB4C003B4E52 /* Views */ = {
			isa = PBXGroup;
			children = (
				1516B9912BB81FD5006670CC /* MainView.swift */,
				15124FDB2BBC5ED6008272FE /* Account */,
				1516B9802BB80E85006670CC /* TabList */,
				1516B97D2BB7772B006670CC /* Tutorial */,
			);
			path = Views;
			sourceTree = "<group>";
		};
		1516B97D2BB7772B006670CC /* Tutorial */ = {
			isa = PBXGroup;
			children = (
				1514F3FD2BB2E97E003B4E52 /* PreviewView.swift */,
				15A36E0D2BB46E25009A5306 /* PreviewListView.swift */,
				1514F41C2BB2F23E003B4E52 /* CommentView.swift */,
				15038D3F2BB32A99008C82D2 /* CommentListView.swift */,
				15A36E0B2BB453D6009A5306 /* StepsView.swift */,
				15E7FCC82BB5B9A500768247 /* SupStepView.swift */,
				15E7FCCA2BB5D2C800768247 /* MenuView.swift */,
				15E7FCCC2BB5D56100768247 /* ToolView.swift */,
				15E7FCCE2BB5D62300768247 /* MaterialView.swift */,
				15E7FCD02BB5D92500768247 /* RatingView.swift */,
			);
			path = Tutorial;
			sourceTree = "<group>";
		};
		1516B9802BB80E85006670CC /* TabList */ = {
			isa = PBXGroup;
			children = (
				1516B9812BB80ECC006670CC /* BrowserView.swift */,
				1516B9872BB81C93006670CC /* HistoryView.swift */,
				1516B9832BB81301006670CC /* SearchView.swift */,
				1516B98D2BB81DC5006670CC /* FavoriteView.swift */,
			);
			path = TabList;
			sourceTree = "<group>";
		};
		1516B98B2BB81CCA006670CC /* TabList */ = {
			isa = PBXGroup;
			children = (
				1516B97E2BB80282006670CC /* BrowserViewModel.swift */,
				1516B9852BB81326006670CC /* SearchViewModel.swift */,
				1516B9892BB81CAA006670CC /* HistoryViewModel.swift */,
				1516B98F2BB81DE2006670CC /* FavoriteViewModel.swift */,
			);
			path = TabList;
			sourceTree = "<group>";
		};
		1516B98C2BB81CDA006670CC /* Tutorial */ = {
			isa = PBXGroup;
			children = (
				15038D422BB33901008C82D2 /* CommentViewModel.swift */,
				15A36E0F2BB46F0F009A5306 /* PrewiewViewModel.swift */,
				15E7FCD22BB5E1B000768247 /* MenuViewModel.swift */,
			);
			path = Tutorial;
			sourceTree = "<group>";
		};
		1516B9932BB82050006670CC /* Global */ = {
			isa = PBXGroup;
			children = (
				1516B9942BB82060006670CC /* GlobalUIState.swift */,
			);
			path = Global;
			sourceTree = "<group>";
		};
		1521C0242B9F0C81009D8A43 = {
			isa = PBXGroup;
			children = (
				1521C02F2B9F0C81009D8A43 /* StepWise */,
				1521C0432B9F0C82009D8A43 /* StepWiseTests */,
				1521C04D2B9F0C83009D8A43 /* StepWiseUITests */,
				1521C02E2B9F0C81009D8A43 /* Products */,
			);
			sourceTree = "<group>";
		};
		1521C02E2B9F0C81009D8A43 /* Products */ = {
			isa = PBXGroup;
			children = (
				1521C02D2B9F0C81009D8A43 /* StepWise.app */,
				1521C0402B9F0C82009D8A43 /* StepWiseTests.xctest */,
				1521C04A2B9F0C83009D8A43 /* StepWiseUITests.xctest */,
			);
			name = Products;
			sourceTree = "<group>";
		};
		1521C02F2B9F0C81009D8A43 /* StepWise */ = {
			isa = PBXGroup;
			children = (
				1521C0302B9F0C81009D8A43 /* StepWiseApp.swift */,
				1521C0322B9F0C81009D8A43 /* ContentView.swift */,
				1521C0342B9F0C81009D8A43 /* Item.swift */,
				158D43572B9F36C600F1DAE1 /* SwiftUIView.swift */,
				1585FDBC2BA07AA500B80AE8 /* Post.swift */,
				1585FDC02BA07B4B00B80AE8 /* ContentViewModel.swift */,
				1521C0362B9F0C82009D8A43 /* Assets.xcassets */,
				1521C0382B9F0C82009D8A43 /* StepWise.entitlements */,
				1514F3FB2BB1CAE4003B4E52 /* MainContentView.swift */,
				15038D412BB338E4008C82D2 /* ViewModel */,
				1514F4022BB2EB4C003B4E52 /* Views */,
				1514F4012BB2EB37003B4E52 /* Data */,
				1521C0392B9F0C82009D8A43 /* Preview Content */,
				1516B9932BB82050006670CC /* Global */,
				15A36E172BB48387009A5306 /* TestJSONs */,
			);
			path = StepWise;
			sourceTree = "<group>";
		};
		1521C0392B9F0C82009D8A43 /* Preview Content */ = {
			isa = PBXGroup;
			children = (
				1521C03A2B9F0C82009D8A43 /* Preview Assets.xcassets */,
			);
			path = "Preview Content";
			sourceTree = "<group>";
		};
		1521C0432B9F0C82009D8A43 /* StepWiseTests */ = {
			isa = PBXGroup;
			children = (
				1521C0442B9F0C82009D8A43 /* StepWiseTests.swift */,
			);
			path = StepWiseTests;
			sourceTree = "<group>";
		};
		1521C04D2B9F0C83009D8A43 /* StepWiseUITests */ = {
			isa = PBXGroup;
			children = (
				1521C04E2B9F0C83009D8A43 /* StepWiseUITests.swift */,
				1521C0502B9F0C83009D8A43 /* StepWiseUITestsLaunchTests.swift */,
			);
			path = StepWiseUITests;
			sourceTree = "<group>";
		};
		15A36E172BB48387009A5306 /* TestJSONs */ = {
			isa = PBXGroup;
			children = (
				15A36E1A2BB483E4009A5306 /* Tutorial.json */,
			);
			path = TestJSONs;
			sourceTree = "<group>";
		};
		15A36E1C2BB485D3009A5306 /* OldData */ = {
			isa = PBXGroup;
			children = (
				1514F40E2BB2EC25003B4E52 /* WatchHistoryData.swift */,
				1514F4102BB2EC4C003B4E52 /* SearchHistoryData.swift */,
				1514F4122BB2EC7A003B4E52 /* FavouriteListData.swift */,
				1514F4142BB2EC90003B4E52 /* TutorialRatingData.swift */,
				1514F4162BB2ECA5003B4E52 /* TextContextData.swift */,
				1514F4182BB2ECB7003B4E52 /* PictureContentData.swift */,
				1514F41A2BB2ECCE003B4E52 /* VideoContentData.swift */,
				1514F4032BB2EB78003B4E52 /* StepData.swift */,
				1514F40A2BB2EC03003B4E52 /* SubStepData.swift */,
				1514F40C2BB2EC10003B4E52 /* UserCommentData.swift */,
				15A36E112BB46FC7009A5306 /* ToolData.swift */,
				15A36E132BB47035009A5306 /* MaterialData.swift */,
				15A36E152BB4709D009A5306 /* RatingData.swift */,
			);
			path = OldData;
			sourceTree = "<group>";
		};
/* End PBXGroup section */

/* Begin PBXNativeTarget section */
		1521C02C2B9F0C81009D8A43 /* StepWise */ = {
			isa = PBXNativeTarget;
			buildConfigurationList = 1521C0542B9F0C83009D8A43 /* Build configuration list for PBXNativeTarget "StepWise" */;
			buildPhases = (
				1521C0292B9F0C81009D8A43 /* Sources */,
				1521C02A2B9F0C81009D8A43 /* Frameworks */,
				1521C02B2B9F0C81009D8A43 /* Resources */,
			);
			buildRules = (
			);
			dependencies = (
			);
			name = StepWise;
			productName = StepWise;
			productReference = 1521C02D2B9F0C81009D8A43 /* StepWise.app */;
			productType = "com.apple.product-type.application";
		};
		1521C03F2B9F0C82009D8A43 /* StepWiseTests */ = {
			isa = PBXNativeTarget;
			buildConfigurationList = 1521C0572B9F0C83009D8A43 /* Build configuration list for PBXNativeTarget "StepWiseTests" */;
			buildPhases = (
				1521C03C2B9F0C82009D8A43 /* Sources */,
				1521C03D2B9F0C82009D8A43 /* Frameworks */,
				1521C03E2B9F0C82009D8A43 /* Resources */,
			);
			buildRules = (
			);
			dependencies = (
				1521C0422B9F0C82009D8A43 /* PBXTargetDependency */,
			);
			name = StepWiseTests;
			productName = StepWiseTests;
			productReference = 1521C0402B9F0C82009D8A43 /* StepWiseTests.xctest */;
			productType = "com.apple.product-type.bundle.unit-test";
		};
		1521C0492B9F0C83009D8A43 /* StepWiseUITests */ = {
			isa = PBXNativeTarget;
			buildConfigurationList = 1521C05A2B9F0C83009D8A43 /* Build configuration list for PBXNativeTarget "StepWiseUITests" */;
			buildPhases = (
				1521C0462B9F0C83009D8A43 /* Sources */,
				1521C0472B9F0C83009D8A43 /* Frameworks */,
				1521C0482B9F0C83009D8A43 /* Resources */,
			);
			buildRules = (
			);
			dependencies = (
				1521C04C2B9F0C83009D8A43 /* PBXTargetDependency */,
			);
			name = StepWiseUITests;
			productName = StepWiseUITests;
			productReference = 1521C04A2B9F0C83009D8A43 /* StepWiseUITests.xctest */;
			productType = "com.apple.product-type.bundle.ui-testing";
		};
/* End PBXNativeTarget section */

/* Begin PBXProject section */
		1521C0252B9F0C81009D8A43 /* Project object */ = {
			isa = PBXProject;
			attributes = {
				BuildIndependentTargetsInParallel = 1;
				LastSwiftUpdateCheck = 1530;
				LastUpgradeCheck = 1530;
				TargetAttributes = {
					1521C02C2B9F0C81009D8A43 = {
						CreatedOnToolsVersion = 15.3;
					};
					1521C03F2B9F0C82009D8A43 = {
						CreatedOnToolsVersion = 15.3;
						TestTargetID = 1521C02C2B9F0C81009D8A43;
					};
					1521C0492B9F0C83009D8A43 = {
						CreatedOnToolsVersion = 15.3;
						TestTargetID = 1521C02C2B9F0C81009D8A43;
					};
				};
			};
			buildConfigurationList = 1521C0282B9F0C81009D8A43 /* Build configuration list for PBXProject "StepWise" */;
			compatibilityVersion = "Xcode 14.0";
			developmentRegion = en;
			hasScannedForEncodings = 0;
			knownRegions = (
				en,
				Base,
			);
			mainGroup = 1521C0242B9F0C81009D8A43;
			productRefGroup = 1521C02E2B9F0C81009D8A43 /* Products */;
			projectDirPath = "";
			projectRoot = "";
			targets = (
				1521C02C2B9F0C81009D8A43 /* StepWise */,
				1521C03F2B9F0C82009D8A43 /* StepWiseTests */,
				1521C0492B9F0C83009D8A43 /* StepWiseUITests */,
			);
		};
/* End PBXProject section */

/* Begin PBXResourcesBuildPhase section */
		1521C02B2B9F0C81009D8A43 /* Resources */ = {
			isa = PBXResourcesBuildPhase;
			buildActionMask = 2147483647;
			files = (
				1521C03B2B9F0C82009D8A43 /* Preview Assets.xcassets in Resources */,
				1521C0372B9F0C82009D8A43 /* Assets.xcassets in Resources */,
			);
			runOnlyForDeploymentPostprocessing = 0;
		};
		1521C03E2B9F0C82009D8A43 /* Resources */ = {
			isa = PBXResourcesBuildPhase;
			buildActionMask = 2147483647;
			files = (
			);
			runOnlyForDeploymentPostprocessing = 0;
		};
		1521C0482B9F0C83009D8A43 /* Resources */ = {
			isa = PBXResourcesBuildPhase;
			buildActionMask = 2147483647;
			files = (
			);
			runOnlyForDeploymentPostprocessing = 0;
		};
/* End PBXResourcesBuildPhase section */

/* Begin PBXSourcesBuildPhase section */
		1521C0292B9F0C81009D8A43 /* Sources */ = {
			isa = PBXSourcesBuildPhase;
			buildActionMask = 2147483647;
			files = (
				1514F3FC2BB1CAE4003B4E52 /* MainContentView.swift in Sources */,
				1521C0332B9F0C81009D8A43 /* ContentView.swift in Sources */,
				15124FDF2BBD5307008272FE /* AccountCreation.swift in Sources */,
				1514F40B2BB2EC03003B4E52 /* SubStepData.swift in Sources */,
				15A36E142BB47035009A5306 /* MaterialData.swift in Sources */,
				1514F3FE2BB2E97E003B4E52 /* PreviewView.swift in Sources */,
				15038D402BB32A99008C82D2 /* CommentListView.swift in Sources */,
				15A36E162BB4709D009A5306 /* RatingData.swift in Sources */,
				1521C0352B9F0C81009D8A43 /* Item.swift in Sources */,
				1516B97F2BB80282006670CC /* BrowserViewModel.swift in Sources */,
				1585FDC12BA07B4B00B80AE8 /* ContentViewModel.swift in Sources */,
				1516B9902BB81DE2006670CC /* FavoriteViewModel.swift in Sources */,
				15E7FCCF2BB5D62300768247 /* MaterialView.swift in Sources */,
				1516B9952BB82060006670CC /* GlobalUIState.swift in Sources */,
				15E7FCC92BB5B9A500768247 /* SupStepView.swift in Sources */,
				158D43582B9F36C600F1DAE1 /* SwiftUIView.swift in Sources */,
				1516B98A2BB81CAA006670CC /* HistoryViewModel.swift in Sources */,
				15A36E0C2BB453D6009A5306 /* StepsView.swift in Sources */,
				15A36E122BB46FC7009A5306 /* ToolData.swift in Sources */,
				1514F4002BB2EB2D003B4E52 /* TutorialData.swift in Sources */,
				15E7FCD32BB5E1B000768247 /* MenuViewModel.swift in Sources */,
				1514F4112BB2EC4C003B4E52 /* SearchHistoryData.swift in Sources */,
				15124FDD2BBC5EED008272FE /* Account.swift in Sources */,
				15A36E1B2BB483E4009A5306 /* Tutorial.json in Sources */,
				1514F41B2BB2ECCE003B4E52 /* VideoContentData.swift in Sources */,
				15038D432BB33901008C82D2 /* CommentViewModel.swift in Sources */,
				1514F40D2BB2EC10003B4E52 /* UserCommentData.swift in Sources */,
				1514F4192BB2ECB7003B4E52 /* PictureContentData.swift in Sources */,
				1514F4152BB2EC90003B4E52 /* TutorialRatingData.swift in Sources */,
				15E7FCCB2BB5D2C800768247 /* MenuView.swift in Sources */,
				1514F40F2BB2EC25003B4E52 /* WatchHistoryData.swift in Sources */,
				1516B9922BB81FD5006670CC /* MainView.swift in Sources */,
				1516B9862BB81326006670CC /* SearchViewModel.swift in Sources */,
				15E7FCD12BB5D92500768247 /* RatingView.swift in Sources */,
				1516B98E2BB81DC5006670CC /* FavoriteView.swift in Sources */,
				1521C0312B9F0C81009D8A43 /* StepWiseApp.swift in Sources */,
				1516B9822BB80ECC006670CC /* BrowserView.swift in Sources */,
				1514F41F2BB2F346003B4E52 /* UserData.swift in Sources */,
				1514F41D2BB2F23E003B4E52 /* CommentView.swift in Sources */,
				15A36E0E2BB46E25009A5306 /* PreviewListView.swift in Sources */,
				1514F4172BB2ECA5003B4E52 /* TextContextData.swift in Sources */,
				15A36E102BB46F0F009A5306 /* PrewiewViewModel.swift in Sources */,
				1516B9882BB81C93006670CC /* HistoryView.swift in Sources */,
				1516B9842BB81301006670CC /* SearchView.swift in Sources */,
				15E7FCCD2BB5D56100768247 /* ToolView.swift in Sources */,
				1514F4132BB2EC7A003B4E52 /* FavouriteListData.swift in Sources */,
				1585FDBD2BA07AA500B80AE8 /* Post.swift in Sources */,
				1514F4042BB2EB78003B4E52 /* StepData.swift in Sources */,
			);
			runOnlyForDeploymentPostprocessing = 0;
		};
		1521C03C2B9F0C82009D8A43 /* Sources */ = {
			isa = PBXSourcesBuildPhase;
			buildActionMask = 2147483647;
			files = (
				1521C0452B9F0C82009D8A43 /* StepWiseTests.swift in Sources */,
			);
			runOnlyForDeploymentPostprocessing = 0;
		};
		1521C0462B9F0C83009D8A43 /* Sources */ = {
			isa = PBXSourcesBuildPhase;
			buildActionMask = 2147483647;
			files = (
				1521C0512B9F0C83009D8A43 /* StepWiseUITestsLaunchTests.swift in Sources */,
				1521C04F2B9F0C83009D8A43 /* StepWiseUITests.swift in Sources */,
			);
			runOnlyForDeploymentPostprocessing = 0;
		};
/* End PBXSourcesBuildPhase section */

/* Begin PBXTargetDependency section */
		1521C0422B9F0C82009D8A43 /* PBXTargetDependency */ = {
			isa = PBXTargetDependency;
			target = 1521C02C2B9F0C81009D8A43 /* StepWise */;
			targetProxy = 1521C0412B9F0C82009D8A43 /* PBXContainerItemProxy */;
		};
		1521C04C2B9F0C83009D8A43 /* PBXTargetDependency */ = {
			isa = PBXTargetDependency;
			target = 1521C02C2B9F0C81009D8A43 /* StepWise */;
			targetProxy = 1521C04B2B9F0C83009D8A43 /* PBXContainerItemProxy */;
		};
/* End PBXTargetDependency section */

/* Begin XCBuildConfiguration section */
		1521C0522B9F0C83009D8A43 /* Debug */ = {
			isa = XCBuildConfiguration;
			buildSettings = {
				ALWAYS_SEARCH_USER_PATHS = NO;
				ASSETCATALOG_COMPILER_GENERATE_SWIFT_ASSET_SYMBOL_EXTENSIONS = YES;
				CLANG_ANALYZER_NONNULL = YES;
				CLANG_ANALYZER_NUMBER_OBJECT_CONVERSION = YES_AGGRESSIVE;
				CLANG_CXX_LANGUAGE_STANDARD = "gnu++20";
				CLANG_ENABLE_MODULES = YES;
				CLANG_ENABLE_OBJC_ARC = YES;
				CLANG_ENABLE_OBJC_WEAK = YES;
				CLANG_WARN_BLOCK_CAPTURE_AUTORELEASING = YES;
				CLANG_WARN_BOOL_CONVERSION = YES;
				CLANG_WARN_COMMA = YES;
				CLANG_WARN_CONSTANT_CONVERSION = YES;
				CLANG_WARN_DEPRECATED_OBJC_IMPLEMENTATIONS = YES;
				CLANG_WARN_DIRECT_OBJC_ISA_USAGE = YES_ERROR;
				CLANG_WARN_DOCUMENTATION_COMMENTS = YES;
				CLANG_WARN_EMPTY_BODY = YES;
				CLANG_WARN_ENUM_CONVERSION = YES;
				CLANG_WARN_INFINITE_RECURSION = YES;
				CLANG_WARN_INT_CONVERSION = YES;
				CLANG_WARN_NON_LITERAL_NULL_CONVERSION = YES;
				CLANG_WARN_OBJC_IMPLICIT_RETAIN_SELF = YES;
				CLANG_WARN_OBJC_LITERAL_CONVERSION = YES;
				CLANG_WARN_OBJC_ROOT_CLASS = YES_ERROR;
				CLANG_WARN_QUOTED_INCLUDE_IN_FRAMEWORK_HEADER = YES;
				CLANG_WARN_RANGE_LOOP_ANALYSIS = YES;
				CLANG_WARN_STRICT_PROTOTYPES = YES;
				CLANG_WARN_SUSPICIOUS_MOVE = YES;
				CLANG_WARN_UNGUARDED_AVAILABILITY = YES_AGGRESSIVE;
				CLANG_WARN_UNREACHABLE_CODE = YES;
				CLANG_WARN__DUPLICATE_METHOD_MATCH = YES;
				COPY_PHASE_STRIP = NO;
				DEBUG_INFORMATION_FORMAT = dwarf;
				ENABLE_STRICT_OBJC_MSGSEND = YES;
				ENABLE_TESTABILITY = YES;
				ENABLE_USER_SCRIPT_SANDBOXING = YES;
				GCC_C_LANGUAGE_STANDARD = gnu17;
				GCC_DYNAMIC_NO_PIC = NO;
				GCC_NO_COMMON_BLOCKS = YES;
				GCC_OPTIMIZATION_LEVEL = 0;
				GCC_PREPROCESSOR_DEFINITIONS = (
					"DEBUG=1",
					"$(inherited)",
				);
				GCC_WARN_64_TO_32_BIT_CONVERSION = YES;
				GCC_WARN_ABOUT_RETURN_TYPE = YES_ERROR;
				GCC_WARN_UNDECLARED_SELECTOR = YES;
				GCC_WARN_UNINITIALIZED_AUTOS = YES_AGGRESSIVE;
				GCC_WARN_UNUSED_FUNCTION = YES;
				GCC_WARN_UNUSED_VARIABLE = YES;
				LOCALIZATION_PREFERS_STRING_CATALOGS = YES;
				MTL_ENABLE_DEBUG_INFO = INCLUDE_SOURCE;
				MTL_FAST_MATH = YES;
				ONLY_ACTIVE_ARCH = YES;
				SWIFT_ACTIVE_COMPILATION_CONDITIONS = "DEBUG $(inherited)";
				SWIFT_OPTIMIZATION_LEVEL = "-Onone";
			};
			name = Debug;
		};
		1521C0532B9F0C83009D8A43 /* Release */ = {
			isa = XCBuildConfiguration;
			buildSettings = {
				ALWAYS_SEARCH_USER_PATHS = NO;
				ASSETCATALOG_COMPILER_GENERATE_SWIFT_ASSET_SYMBOL_EXTENSIONS = YES;
				CLANG_ANALYZER_NONNULL = YES;
				CLANG_ANALYZER_NUMBER_OBJECT_CONVERSION = YES_AGGRESSIVE;
				CLANG_CXX_LANGUAGE_STANDARD = "gnu++20";
				CLANG_ENABLE_MODULES = YES;
				CLANG_ENABLE_OBJC_ARC = YES;
				CLANG_ENABLE_OBJC_WEAK = YES;
				CLANG_WARN_BLOCK_CAPTURE_AUTORELEASING = YES;
				CLANG_WARN_BOOL_CONVERSION = YES;
				CLANG_WARN_COMMA = YES;
				CLANG_WARN_CONSTANT_CONVERSION = YES;
				CLANG_WARN_DEPRECATED_OBJC_IMPLEMENTATIONS = YES;
				CLANG_WARN_DIRECT_OBJC_ISA_USAGE = YES_ERROR;
				CLANG_WARN_DOCUMENTATION_COMMENTS = YES;
				CLANG_WARN_EMPTY_BODY = YES;
				CLANG_WARN_ENUM_CONVERSION = YES;
				CLANG_WARN_INFINITE_RECURSION = YES;
				CLANG_WARN_INT_CONVERSION = YES;
				CLANG_WARN_NON_LITERAL_NULL_CONVERSION = YES;
				CLANG_WARN_OBJC_IMPLICIT_RETAIN_SELF = YES;
				CLANG_WARN_OBJC_LITERAL_CONVERSION = YES;
				CLANG_WARN_OBJC_ROOT_CLASS = YES_ERROR;
				CLANG_WARN_QUOTED_INCLUDE_IN_FRAMEWORK_HEADER = YES;
				CLANG_WARN_RANGE_LOOP_ANALYSIS = YES;
				CLANG_WARN_STRICT_PROTOTYPES = YES;
				CLANG_WARN_SUSPICIOUS_MOVE = YES;
				CLANG_WARN_UNGUARDED_AVAILABILITY = YES_AGGRESSIVE;
				CLANG_WARN_UNREACHABLE_CODE = YES;
				CLANG_WARN__DUPLICATE_METHOD_MATCH = YES;
				COPY_PHASE_STRIP = NO;
				DEBUG_INFORMATION_FORMAT = "dwarf-with-dsym";
				ENABLE_NS_ASSERTIONS = NO;
				ENABLE_STRICT_OBJC_MSGSEND = YES;
				ENABLE_USER_SCRIPT_SANDBOXING = YES;
				GCC_C_LANGUAGE_STANDARD = gnu17;
				GCC_NO_COMMON_BLOCKS = YES;
				GCC_WARN_64_TO_32_BIT_CONVERSION = YES;
				GCC_WARN_ABOUT_RETURN_TYPE = YES_ERROR;
				GCC_WARN_UNDECLARED_SELECTOR = YES;
				GCC_WARN_UNINITIALIZED_AUTOS = YES_AGGRESSIVE;
				GCC_WARN_UNUSED_FUNCTION = YES;
				GCC_WARN_UNUSED_VARIABLE = YES;
				LOCALIZATION_PREFERS_STRING_CATALOGS = YES;
				MTL_ENABLE_DEBUG_INFO = NO;
				MTL_FAST_MATH = YES;
				SWIFT_COMPILATION_MODE = wholemodule;
			};
			name = Release;
		};
		1521C0552B9F0C83009D8A43 /* Debug */ = {
			isa = XCBuildConfiguration;
			buildSettings = {
				ASSETCATALOG_COMPILER_APPICON_NAME = AppIcon;
				ASSETCATALOG_COMPILER_GLOBAL_ACCENT_COLOR_NAME = AccentColor;
				CODE_SIGN_ENTITLEMENTS = StepWise/StepWise.entitlements;
				CODE_SIGN_STYLE = Automatic;
				CURRENT_PROJECT_VERSION = 1;
				DEVELOPMENT_ASSET_PATHS = "\"StepWise/Preview Content\"";
				DEVELOPMENT_TEAM = PX65688SAK;
				ENABLE_HARDENED_RUNTIME = YES;
				ENABLE_PREVIEWS = YES;
				GENERATE_INFOPLIST_FILE = YES;
				"INFOPLIST_KEY_UIApplicationSceneManifest_Generation[sdk=iphoneos*]" = YES;
				"INFOPLIST_KEY_UIApplicationSceneManifest_Generation[sdk=iphonesimulator*]" = YES;
				"INFOPLIST_KEY_UIApplicationSupportsIndirectInputEvents[sdk=iphoneos*]" = YES;
				"INFOPLIST_KEY_UIApplicationSupportsIndirectInputEvents[sdk=iphonesimulator*]" = YES;
				"INFOPLIST_KEY_UILaunchScreen_Generation[sdk=iphoneos*]" = YES;
				"INFOPLIST_KEY_UILaunchScreen_Generation[sdk=iphonesimulator*]" = YES;
				"INFOPLIST_KEY_UIStatusBarStyle[sdk=iphoneos*]" = UIStatusBarStyleDefault;
				"INFOPLIST_KEY_UIStatusBarStyle[sdk=iphonesimulator*]" = UIStatusBarStyleDefault;
				INFOPLIST_KEY_UISupportedInterfaceOrientations_iPad = "UIInterfaceOrientationPortrait UIInterfaceOrientationPortraitUpsideDown UIInterfaceOrientationLandscapeLeft UIInterfaceOrientationLandscapeRight";
				INFOPLIST_KEY_UISupportedInterfaceOrientations_iPhone = "UIInterfaceOrientationPortrait UIInterfaceOrientationLandscapeLeft UIInterfaceOrientationLandscapeRight";
				IPHONEOS_DEPLOYMENT_TARGET = 17.4;
				LD_RUNPATH_SEARCH_PATHS = "@executable_path/Frameworks";
				"LD_RUNPATH_SEARCH_PATHS[sdk=macosx*]" = "@executable_path/../Frameworks";
				MACOSX_DEPLOYMENT_TARGET = 14.0;
				MARKETING_VERSION = 1.0;
				PRODUCT_BUNDLE_IDENTIFIER = linus.StepWise;
				PRODUCT_NAME = "$(TARGET_NAME)";
				SDKROOT = auto;
				SUPPORTED_PLATFORMS = "iphoneos iphonesimulator macosx";
				SWIFT_EMIT_LOC_STRINGS = YES;
				SWIFT_VERSION = 5.0;
				TARGETED_DEVICE_FAMILY = "1,2";
			};
			name = Debug;
		};
		1521C0562B9F0C83009D8A43 /* Release */ = {
			isa = XCBuildConfiguration;
			buildSettings = {
				ASSETCATALOG_COMPILER_APPICON_NAME = AppIcon;
				ASSETCATALOG_COMPILER_GLOBAL_ACCENT_COLOR_NAME = AccentColor;
				CODE_SIGN_ENTITLEMENTS = StepWise/StepWise.entitlements;
				CODE_SIGN_STYLE = Automatic;
				CURRENT_PROJECT_VERSION = 1;
				DEVELOPMENT_ASSET_PATHS = "\"StepWise/Preview Content\"";
				DEVELOPMENT_TEAM = PX65688SAK;
				ENABLE_HARDENED_RUNTIME = YES;
				ENABLE_PREVIEWS = YES;
				GENERATE_INFOPLIST_FILE = YES;
				"INFOPLIST_KEY_UIApplicationSceneManifest_Generation[sdk=iphoneos*]" = YES;
				"INFOPLIST_KEY_UIApplicationSceneManifest_Generation[sdk=iphonesimulator*]" = YES;
				"INFOPLIST_KEY_UIApplicationSupportsIndirectInputEvents[sdk=iphoneos*]" = YES;
				"INFOPLIST_KEY_UIApplicationSupportsIndirectInputEvents[sdk=iphonesimulator*]" = YES;
				"INFOPLIST_KEY_UILaunchScreen_Generation[sdk=iphoneos*]" = YES;
				"INFOPLIST_KEY_UILaunchScreen_Generation[sdk=iphonesimulator*]" = YES;
				"INFOPLIST_KEY_UIStatusBarStyle[sdk=iphoneos*]" = UIStatusBarStyleDefault;
				"INFOPLIST_KEY_UIStatusBarStyle[sdk=iphonesimulator*]" = UIStatusBarStyleDefault;
				INFOPLIST_KEY_UISupportedInterfaceOrientations_iPad = "UIInterfaceOrientationPortrait UIInterfaceOrientationPortraitUpsideDown UIInterfaceOrientationLandscapeLeft UIInterfaceOrientationLandscapeRight";
				INFOPLIST_KEY_UISupportedInterfaceOrientations_iPhone = "UIInterfaceOrientationPortrait UIInterfaceOrientationLandscapeLeft UIInterfaceOrientationLandscapeRight";
				IPHONEOS_DEPLOYMENT_TARGET = 17.4;
				LD_RUNPATH_SEARCH_PATHS = "@executable_path/Frameworks";
				"LD_RUNPATH_SEARCH_PATHS[sdk=macosx*]" = "@executable_path/../Frameworks";
				MACOSX_DEPLOYMENT_TARGET = 14.0;
				MARKETING_VERSION = 1.0;
				PRODUCT_BUNDLE_IDENTIFIER = linus.StepWise;
				PRODUCT_NAME = "$(TARGET_NAME)";
				SDKROOT = auto;
				SUPPORTED_PLATFORMS = "iphoneos iphonesimulator macosx";
				SWIFT_EMIT_LOC_STRINGS = YES;
				SWIFT_VERSION = 5.0;
				TARGETED_DEVICE_FAMILY = "1,2";
			};
			name = Release;
		};
		1521C0582B9F0C83009D8A43 /* Debug */ = {
			isa = XCBuildConfiguration;
			buildSettings = {
				ALWAYS_EMBED_SWIFT_STANDARD_LIBRARIES = YES;
				BUNDLE_LOADER = "$(TEST_HOST)";
				CODE_SIGN_STYLE = Automatic;
				CURRENT_PROJECT_VERSION = 1;
				DEVELOPMENT_TEAM = PX65688SAK;
				GENERATE_INFOPLIST_FILE = YES;
				IPHONEOS_DEPLOYMENT_TARGET = 17.4;
				MACOSX_DEPLOYMENT_TARGET = 14.4;
				MARKETING_VERSION = 1.0;
				PRODUCT_BUNDLE_IDENTIFIER = linus.StepWiseTests;
				PRODUCT_NAME = "$(TARGET_NAME)";
				SDKROOT = auto;
				SUPPORTED_PLATFORMS = "iphoneos iphonesimulator macosx";
				SWIFT_EMIT_LOC_STRINGS = NO;
				SWIFT_VERSION = 5.0;
				TARGETED_DEVICE_FAMILY = "1,2";
				TEST_HOST = "$(BUILT_PRODUCTS_DIR)/StepWise.app/$(BUNDLE_EXECUTABLE_FOLDER_PATH)/StepWise";
			};
			name = Debug;
		};
		1521C0592B9F0C83009D8A43 /* Release */ = {
			isa = XCBuildConfiguration;
			buildSettings = {
				ALWAYS_EMBED_SWIFT_STANDARD_LIBRARIES = YES;
				BUNDLE_LOADER = "$(TEST_HOST)";
				CODE_SIGN_STYLE = Automatic;
				CURRENT_PROJECT_VERSION = 1;
				DEVELOPMENT_TEAM = PX65688SAK;
				GENERATE_INFOPLIST_FILE = YES;
				IPHONEOS_DEPLOYMENT_TARGET = 17.4;
				MACOSX_DEPLOYMENT_TARGET = 14.4;
				MARKETING_VERSION = 1.0;
				PRODUCT_BUNDLE_IDENTIFIER = linus.StepWiseTests;
				PRODUCT_NAME = "$(TARGET_NAME)";
				SDKROOT = auto;
				SUPPORTED_PLATFORMS = "iphoneos iphonesimulator macosx";
				SWIFT_EMIT_LOC_STRINGS = NO;
				SWIFT_VERSION = 5.0;
				TARGETED_DEVICE_FAMILY = "1,2";
				TEST_HOST = "$(BUILT_PRODUCTS_DIR)/StepWise.app/$(BUNDLE_EXECUTABLE_FOLDER_PATH)/StepWise";
			};
			name = Release;
		};
		1521C05B2B9F0C83009D8A43 /* Debug */ = {
			isa = XCBuildConfiguration;
			buildSettings = {
				ALWAYS_EMBED_SWIFT_STANDARD_LIBRARIES = YES;
				CODE_SIGN_STYLE = Automatic;
				CURRENT_PROJECT_VERSION = 1;
				DEVELOPMENT_TEAM = PX65688SAK;
				GENERATE_INFOPLIST_FILE = YES;
				IPHONEOS_DEPLOYMENT_TARGET = 17.4;
				MACOSX_DEPLOYMENT_TARGET = 14.4;
				MARKETING_VERSION = 1.0;
				PRODUCT_BUNDLE_IDENTIFIER = linus.StepWiseUITests;
				PRODUCT_NAME = "$(TARGET_NAME)";
				SDKROOT = auto;
				SUPPORTED_PLATFORMS = "iphoneos iphonesimulator macosx";
				SWIFT_EMIT_LOC_STRINGS = NO;
				SWIFT_VERSION = 5.0;
				TARGETED_DEVICE_FAMILY = "1,2";
				TEST_TARGET_NAME = StepWise;
			};
			name = Debug;
		};
		1521C05C2B9F0C83009D8A43 /* Release */ = {
			isa = XCBuildConfiguration;
			buildSettings = {
				ALWAYS_EMBED_SWIFT_STANDARD_LIBRARIES = YES;
				CODE_SIGN_STYLE = Automatic;
				CURRENT_PROJECT_VERSION = 1;
				DEVELOPMENT_TEAM = PX65688SAK;
				GENERATE_INFOPLIST_FILE = YES;
				IPHONEOS_DEPLOYMENT_TARGET = 17.4;
				MACOSX_DEPLOYMENT_TARGET = 14.4;
				MARKETING_VERSION = 1.0;
				PRODUCT_BUNDLE_IDENTIFIER = linus.StepWiseUITests;
				PRODUCT_NAME = "$(TARGET_NAME)";
				SDKROOT = auto;
				SUPPORTED_PLATFORMS = "iphoneos iphonesimulator macosx";
				SWIFT_EMIT_LOC_STRINGS = NO;
				SWIFT_VERSION = 5.0;
				TARGETED_DEVICE_FAMILY = "1,2";
				TEST_TARGET_NAME = StepWise;
			};
			name = Release;
		};
/* End XCBuildConfiguration section */

/* Begin XCConfigurationList section */
		1521C0282B9F0C81009D8A43 /* Build configuration list for PBXProject "StepWise" */ = {
			isa = XCConfigurationList;
			buildConfigurations = (
				1521C0522B9F0C83009D8A43 /* Debug */,
				1521C0532B9F0C83009D8A43 /* Release */,
			);
			defaultConfigurationIsVisible = 0;
			defaultConfigurationName = Release;
		};
		1521C0542B9F0C83009D8A43 /* Build configuration list for PBXNativeTarget "StepWise" */ = {
			isa = XCConfigurationList;
			buildConfigurations = (
				1521C0552B9F0C83009D8A43 /* Debug */,
				1521C0562B9F0C83009D8A43 /* Release */,
			);
			defaultConfigurationIsVisible = 0;
			defaultConfigurationName = Release;
		};
		1521C0572B9F0C83009D8A43 /* Build configuration list for PBXNativeTarget "StepWiseTests" */ = {
			isa = XCConfigurationList;
			buildConfigurations = (
				1521C0582B9F0C83009D8A43 /* Debug */,
				1521C0592B9F0C83009D8A43 /* Release */,
			);
			defaultConfigurationIsVisible = 0;
			defaultConfigurationName = Release;
		};
		1521C05A2B9F0C83009D8A43 /* Build configuration list for PBXNativeTarget "StepWiseUITests" */ = {
			isa = XCConfigurationList;
			buildConfigurations = (
				1521C05B2B9F0C83009D8A43 /* Debug */,
				1521C05C2B9F0C83009D8A43 /* Release */,
			);
			defaultConfigurationIsVisible = 0;
			defaultConfigurationName = Release;
		};
/* End XCConfigurationList section */
	};
	rootObject = 1521C0252B9F0C81009D8A43 /* Project object */;
}
